// !$*UTF8*$!
{
	archiveVersion = 1;
	classes = {
	};
	objectVersion = 51;
	objects = {

/* Begin PBXBuildFile section */
		0A4F582636C41BECFC5BEF21 /* Pods_SetGame.framework in Frameworks */ = {isa = PBXBuildFile; fileRef = 716FB49FD4F559D7DF5FC4A3 /* Pods_SetGame.framework */; };
		3D06B60823229DC800C03A99 /* UnitTests.swift in Sources */ = {isa = PBXBuildFile; fileRef = 3D06B60723229DC800C03A99 /* UnitTests.swift */; };
		3D0DDF9B228EBAE400EF5FAE /* AppDelegate.swift in Sources */ = {isa = PBXBuildFile; fileRef = 3D0DDF9A228EBAE400EF5FAE /* AppDelegate.swift */; };
		3D0DDFA0228EBAE400EF5FAE /* Main.storyboard in Resources */ = {isa = PBXBuildFile; fileRef = 3D0DDF9E228EBAE400EF5FAE /* Main.storyboard */; };
		3D0DDFA2228EBAE600EF5FAE /* Assets.xcassets in Resources */ = {isa = PBXBuildFile; fileRef = 3D0DDFA1228EBAE600EF5FAE /* Assets.xcassets */; };
		3D0DDFA5228EBAE600EF5FAE /* LaunchScreen.storyboard in Resources */ = {isa = PBXBuildFile; fileRef = 3D0DDFA3228EBAE600EF5FAE /* LaunchScreen.storyboard */; };
		3D0DDFAD228ED2B200EF5FAE /* Game.swift in Sources */ = {isa = PBXBuildFile; fileRef = 3D0DDFAC228ED2B200EF5FAE /* Game.swift */; };
		3D0DDFAF228ED2F400EF5FAE /* Card.swift in Sources */ = {isa = PBXBuildFile; fileRef = 3D0DDFAE228ED2F400EF5FAE /* Card.swift */; };
		3D0DDFB22294059800EF5FAE /* ExtensionMethods.swift in Sources */ = {isa = PBXBuildFile; fileRef = 3D0DDFB12294059800EF5FAE /* ExtensionMethods.swift */; };
		3D1E715E22E61FC00081CAE0 /* PlayingCardButton.swift in Sources */ = {isa = PBXBuildFile; fileRef = 3D1E715D22E61FC00081CAE0 /* PlayingCardButton.swift */; };
		3D231B242323CE42006F3926 /* successfulSet.png in Resources */ = {isa = PBXBuildFile; fileRef = 3D231B222323CE42006F3926 /* successfulSet.png */; };
		3D231B252323CE42006F3926 /* unsuccessfulSet.png in Resources */ = {isa = PBXBuildFile; fileRef = 3D231B232323CE42006F3926 /* unsuccessfulSet.png */; };
		3D4E677F23117BB900513046 /* PushVerticalAnimator.swift in Sources */ = {isa = PBXBuildFile; fileRef = 3D4E677E23117BB900513046 /* PushVerticalAnimator.swift */; };
		3D781D0D22F0672700D4D3C1 /* Score.swift in Sources */ = {isa = PBXBuildFile; fileRef = 3D781D0C22F0672700D4D3C1 /* Score.swift */; };
		3D8DEE8423016EBE00B33422 /* AnimationFactory.swift in Sources */ = {isa = PBXBuildFile; fileRef = 3D8DEE8323016EBE00B33422 /* AnimationFactory.swift */; };
		3D8DEE8623016F1200B33422 /* UIFactory.swift in Sources */ = {isa = PBXBuildFile; fileRef = 3D8DEE8523016F1200B33422 /* UIFactory.swift */; };
		3D93AEF7231D78EE00A3AA1E /* CheGuevaraBarry-Brown.ttf in Resources */ = {isa = PBXBuildFile; fileRef = 3D93AEF6231D78EE00A3AA1E /* CheGuevaraBarry-Brown.ttf */; };
		3D9BBC5F23214437008366D3 /* ScoreView.swift in Sources */ = {isa = PBXBuildFile; fileRef = 3D9BBC5E23214436008366D3 /* ScoreView.swift */; };
		3DA5517B22C935CD00437A14 /* GraphicalSetViewController.swift in Sources */ = {isa = PBXBuildFile; fileRef = 3DA5517A22C935CD00437A14 /* GraphicalSetViewController.swift */; };
		3DB1ECEE22B69D6500B70EB9 /* Grid.swift in Sources */ = {isa = PBXBuildFile; fileRef = 3DB1ECED22B69D6500B70EB9 /* Grid.swift */; };
		3DB1ECF522BCD92000B70EB9 /* PlayingCardView.swift in Sources */ = {isa = PBXBuildFile; fileRef = 3DB1ECF422BCD92000B70EB9 /* PlayingCardView.swift */; };
		3DC7AF5F2323C6310077B30B /* buttonPlay.gif in Resources */ = {isa = PBXBuildFile; fileRef = 3DC7AF552323C6300077B30B /* buttonPlay.gif */; };
		3DC7AF602323C6310077B30B /* shuffle.gif in Resources */ = {isa = PBXBuildFile; fileRef = 3DC7AF562323C6310077B30B /* shuffle.gif */; };
		3DC7AF612323C6310077B30B /* logo.gif in Resources */ = {isa = PBXBuildFile; fileRef = 3DC7AF572323C6310077B30B /* logo.gif */; };
		3DC7AF622323C6310077B30B /* successMatch.gif in Resources */ = {isa = PBXBuildFile; fileRef = 3DC7AF582323C6310077B30B /* successMatch.gif */; };
		3DC7AF632323C6310077B30B /* transition.gif in Resources */ = {isa = PBXBuildFile; fileRef = 3DC7AF592323C6310077B30B /* transition.gif */; };
		3DC7AF642323C6310077B30B /* landscapeGame.gif in Resources */ = {isa = PBXBuildFile; fileRef = 3DC7AF5A2323C6310077B30B /* landscapeGame.gif */; };
		3DC7AF652323C6310077B30B /* landscapeMenu.gif in Resources */ = {isa = PBXBuildFile; fileRef = 3DC7AF5B2323C6310077B30B /* landscapeMenu.gif */; };
		3DC7AF662323C6310077B30B /* restart.gif in Resources */ = {isa = PBXBuildFile; fileRef = 3DC7AF5C2323C6310077B30B /* restart.gif */; };
		3DC7AF672323C6310077B30B /* dealCards.gif in Resources */ = {isa = PBXBuildFile; fileRef = 3DC7AF5D2323C6310077B30B /* dealCards.gif */; };
		3DC7AF682323C6310077B30B /* unsuccessfulMatch.gif in Resources */ = {isa = PBXBuildFile; fileRef = 3DC7AF5E2323C6310077B30B /* unsuccessfulMatch.gif */; };
		3DE3A79322E1F1CB00717455 /* ExtensionConstants.swift in Sources */ = {isa = PBXBuildFile; fileRef = 3DE3A79222E1F1CB00717455 /* ExtensionConstants.swift */; };
		3DE89BA423019B0E00587188 /* MenuViewController.swift in Sources */ = {isa = PBXBuildFile; fileRef = 3DE89BA323019B0E00587188 /* MenuViewController.swift */; };
		3DECE75D22C4FB7F00DF4624 /* ShapeView.swift in Sources */ = {isa = PBXBuildFile; fileRef = 3DECE75C22C4FB7F00DF4624 /* ShapeView.swift */; };
/* End PBXBuildFile section */

/* Begin PBXContainerItemProxy section */
		3D06B60A23229DC800C03A99 /* PBXContainerItemProxy */ = {
			isa = PBXContainerItemProxy;
			containerPortal = 3D0DDF8F228EBAE400EF5FAE /* Project object */;
			proxyType = 1;
			remoteGlobalIDString = 3D0DDF96228EBAE400EF5FAE;
			remoteInfo = SetGame;
		};
/* End PBXContainerItemProxy section */

/* Begin PBXFileReference section */
		3D06B60523229DC800C03A99 /* UnitTests.xctest */ = {isa = PBXFileReference; explicitFileType = wrapper.cfbundle; includeInIndex = 0; path = UnitTests.xctest; sourceTree = BUILT_PRODUCTS_DIR; };
		3D06B60723229DC800C03A99 /* UnitTests.swift */ = {isa = PBXFileReference; lastKnownFileType = sourcecode.swift; path = UnitTests.swift; sourceTree = "<group>"; };
		3D06B60923229DC800C03A99 /* Info.plist */ = {isa = PBXFileReference; lastKnownFileType = text.plist.xml; path = Info.plist; sourceTree = "<group>"; };
		3D0DDF97228EBAE400EF5FAE /* SetGame.app */ = {isa = PBXFileReference; explicitFileType = wrapper.application; includeInIndex = 0; path = SetGame.app; sourceTree = BUILT_PRODUCTS_DIR; };
		3D0DDF9A228EBAE400EF5FAE /* AppDelegate.swift */ = {isa = PBXFileReference; lastKnownFileType = sourcecode.swift; path = AppDelegate.swift; sourceTree = "<group>"; };
		3D0DDF9F228EBAE400EF5FAE /* Base */ = {isa = PBXFileReference; lastKnownFileType = file.storyboard; name = Base; path = Base.lproj/Main.storyboard; sourceTree = "<group>"; };
		3D0DDFA1228EBAE600EF5FAE /* Assets.xcassets */ = {isa = PBXFileReference; lastKnownFileType = folder.assetcatalog; path = Assets.xcassets; sourceTree = "<group>"; };
		3D0DDFA4228EBAE600EF5FAE /* Base */ = {isa = PBXFileReference; lastKnownFileType = file.storyboard; name = Base; path = Base.lproj/LaunchScreen.storyboard; sourceTree = "<group>"; };
		3D0DDFA6228EBAE600EF5FAE /* Info.plist */ = {isa = PBXFileReference; lastKnownFileType = text.plist.xml; path = Info.plist; sourceTree = "<group>"; };
		3D0DDFAC228ED2B200EF5FAE /* Game.swift */ = {isa = PBXFileReference; lastKnownFileType = sourcecode.swift; path = Game.swift; sourceTree = "<group>"; };
		3D0DDFAE228ED2F400EF5FAE /* Card.swift */ = {isa = PBXFileReference; lastKnownFileType = sourcecode.swift; path = Card.swift; sourceTree = "<group>"; };
		3D0DDFB12294059800EF5FAE /* ExtensionMethods.swift */ = {isa = PBXFileReference; lastKnownFileType = sourcecode.swift; path = ExtensionMethods.swift; sourceTree = "<group>"; };
		3D1E715D22E61FC00081CAE0 /* PlayingCardButton.swift */ = {isa = PBXFileReference; lastKnownFileType = sourcecode.swift; path = PlayingCardButton.swift; sourceTree = "<group>"; };
		3D231B222323CE42006F3926 /* successfulSet.png */ = {isa = PBXFileReference; lastKnownFileType = image.png; path = successfulSet.png; sourceTree = "<group>"; };
		3D231B232323CE42006F3926 /* unsuccessfulSet.png */ = {isa = PBXFileReference; lastKnownFileType = image.png; path = unsuccessfulSet.png; sourceTree = "<group>"; };
		3D4E677E23117BB900513046 /* PushVerticalAnimator.swift */ = {isa = PBXFileReference; lastKnownFileType = sourcecode.swift; path = PushVerticalAnimator.swift; sourceTree = "<group>"; };
		3D781D0C22F0672700D4D3C1 /* Score.swift */ = {isa = PBXFileReference; lastKnownFileType = sourcecode.swift; path = Score.swift; sourceTree = "<group>"; };
		3D8DEE8323016EBE00B33422 /* AnimationFactory.swift */ = {isa = PBXFileReference; lastKnownFileType = sourcecode.swift; path = AnimationFactory.swift; sourceTree = "<group>"; };
		3D8DEE8523016F1200B33422 /* UIFactory.swift */ = {isa = PBXFileReference; lastKnownFileType = sourcecode.swift; path = UIFactory.swift; sourceTree = "<group>"; };
		3D93AEF6231D78EE00A3AA1E /* CheGuevaraBarry-Brown.ttf */ = {isa = PBXFileReference; lastKnownFileType = file; path = "CheGuevaraBarry-Brown.ttf"; sourceTree = "<group>"; };
		3D9BBC5E23214436008366D3 /* ScoreView.swift */ = {isa = PBXFileReference; lastKnownFileType = sourcecode.swift; path = ScoreView.swift; sourceTree = "<group>"; };
		3DA5517A22C935CD00437A14 /* GraphicalSetViewController.swift */ = {isa = PBXFileReference; lastKnownFileType = sourcecode.swift; path = GraphicalSetViewController.swift; sourceTree = "<group>"; };
		3DB1ECED22B69D6500B70EB9 /* Grid.swift */ = {isa = PBXFileReference; lastKnownFileType = sourcecode.swift; path = Grid.swift; sourceTree = "<group>"; };
		3DB1ECF422BCD92000B70EB9 /* PlayingCardView.swift */ = {isa = PBXFileReference; lastKnownFileType = sourcecode.swift; path = PlayingCardView.swift; sourceTree = "<group>"; };
		3DC7AF552323C6300077B30B /* buttonPlay.gif */ = {isa = PBXFileReference; lastKnownFileType = image.gif; path = buttonPlay.gif; sourceTree = "<group>"; };
		3DC7AF562323C6310077B30B /* shuffle.gif */ = {isa = PBXFileReference; lastKnownFileType = image.gif; path = shuffle.gif; sourceTree = "<group>"; };
		3DC7AF572323C6310077B30B /* logo.gif */ = {isa = PBXFileReference; lastKnownFileType = image.gif; path = logo.gif; sourceTree = "<group>"; };
		3DC7AF582323C6310077B30B /* successMatch.gif */ = {isa = PBXFileReference; lastKnownFileType = image.gif; path = successMatch.gif; sourceTree = "<group>"; };
		3DC7AF592323C6310077B30B /* transition.gif */ = {isa = PBXFileReference; lastKnownFileType = image.gif; path = transition.gif; sourceTree = "<group>"; };
		3DC7AF5A2323C6310077B30B /* landscapeGame.gif */ = {isa = PBXFileReference; lastKnownFileType = image.gif; path = landscapeGame.gif; sourceTree = "<group>"; };
		3DC7AF5B2323C6310077B30B /* landscapeMenu.gif */ = {isa = PBXFileReference; lastKnownFileType = image.gif; path = landscapeMenu.gif; sourceTree = "<group>"; };
		3DC7AF5C2323C6310077B30B /* restart.gif */ = {isa = PBXFileReference; lastKnownFileType = image.gif; path = restart.gif; sourceTree = "<group>"; };
		3DC7AF5D2323C6310077B30B /* dealCards.gif */ = {isa = PBXFileReference; lastKnownFileType = image.gif; path = dealCards.gif; sourceTree = "<group>"; };
		3DC7AF5E2323C6310077B30B /* unsuccessfulMatch.gif */ = {isa = PBXFileReference; lastKnownFileType = image.gif; path = unsuccessfulMatch.gif; sourceTree = "<group>"; };
		3DE3A79222E1F1CB00717455 /* ExtensionConstants.swift */ = {isa = PBXFileReference; lastKnownFileType = sourcecode.swift; path = ExtensionConstants.swift; sourceTree = "<group>"; };
		3DE89BA323019B0E00587188 /* MenuViewController.swift */ = {isa = PBXFileReference; lastKnownFileType = sourcecode.swift; path = MenuViewController.swift; sourceTree = "<group>"; };
		3DECE75C22C4FB7F00DF4624 /* ShapeView.swift */ = {isa = PBXFileReference; lastKnownFileType = sourcecode.swift; path = ShapeView.swift; sourceTree = "<group>"; };
		716FB49FD4F559D7DF5FC4A3 /* Pods_SetGame.framework */ = {isa = PBXFileReference; explicitFileType = wrapper.framework; includeInIndex = 0; path = Pods_SetGame.framework; sourceTree = BUILT_PRODUCTS_DIR; };
		F1D9A2B9D91FFEA904C86FB8 /* Pods-SetGame.release.xcconfig */ = {isa = PBXFileReference; includeInIndex = 1; lastKnownFileType = text.xcconfig; name = "Pods-SetGame.release.xcconfig"; path = "Target Support Files/Pods-SetGame/Pods-SetGame.release.xcconfig"; sourceTree = "<group>"; };
		FB94B1ED86FAD31DC02B2102 /* Pods-SetGame.debug.xcconfig */ = {isa = PBXFileReference; includeInIndex = 1; lastKnownFileType = text.xcconfig; name = "Pods-SetGame.debug.xcconfig"; path = "Target Support Files/Pods-SetGame/Pods-SetGame.debug.xcconfig"; sourceTree = "<group>"; };
/* End PBXFileReference section */

/* Begin PBXFrameworksBuildPhase section */
		3D06B60223229DC800C03A99 /* Frameworks */ = {
			isa = PBXFrameworksBuildPhase;
			buildActionMask = 2147483647;
			files = (
			);
			runOnlyForDeploymentPostprocessing = 0;
		};
		3D0DDF94228EBAE400EF5FAE /* Frameworks */ = {
			isa = PBXFrameworksBuildPhase;
			buildActionMask = 2147483647;
			files = (
				0A4F582636C41BECFC5BEF21 /* Pods_SetGame.framework in Frameworks */,
			);
			runOnlyForDeploymentPostprocessing = 0;
		};
/* End PBXFrameworksBuildPhase section */

/* Begin PBXGroup section */
		24CFFC7C207F1EA5EB3BA40B /* Pods */ = {
			isa = PBXGroup;
			children = (
				FB94B1ED86FAD31DC02B2102 /* Pods-SetGame.debug.xcconfig */,
				F1D9A2B9D91FFEA904C86FB8 /* Pods-SetGame.release.xcconfig */,
			);
			path = Pods;
			sourceTree = "<group>";
		};
		3D06B60623229DC800C03A99 /* UnitTests */ = {
			isa = PBXGroup;
			children = (
				3D06B60723229DC800C03A99 /* UnitTests.swift */,
				3D06B60923229DC800C03A99 /* Info.plist */,
			);
			path = UnitTests;
			sourceTree = "<group>";
		};
		3D0DDF8E228EBAE400EF5FAE = {
			isa = PBXGroup;
			children = (
				3D0DDF99228EBAE400EF5FAE /* SetGame */,
				3D06B60623229DC800C03A99 /* UnitTests */,
				3D0DDF98228EBAE400EF5FAE /* Products */,
				3DC7AF542323C52B0077B30B /* GIF */,
				24CFFC7C207F1EA5EB3BA40B /* Pods */,
				CC7C3B4534C808AAB090CF55 /* Frameworks */,
			);
			sourceTree = "<group>";
		};
		3D0DDF98228EBAE400EF5FAE /* Products */ = {
			isa = PBXGroup;
			children = (
				3D0DDF97228EBAE400EF5FAE /* SetGame.app */,
				3D06B60523229DC800C03A99 /* UnitTests.xctest */,
			);
			name = Products;
			sourceTree = "<group>";
		};
		3D0DDF99228EBAE400EF5FAE /* SetGame */ = {
			isa = PBXGroup;
			children = (
				3D0DDFB02293F26B00EF5FAE /* Model */,
				3D4343BF22E4AFBE00D454FE /* View */,
				3D4343C022E4B08000D454FE /* Controller */,
				3D0DDF9A228EBAE400EF5FAE /* AppDelegate.swift */,
				3DDF4BD522EF050E00030AC6 /* Fonts */,
				3D0DDF9E228EBAE400EF5FAE /* Main.storyboard */,
				3D0DDFA1228EBAE600EF5FAE /* Assets.xcassets */,
				3D0DDFA3228EBAE600EF5FAE /* LaunchScreen.storyboard */,
				3D0DDFA6228EBAE600EF5FAE /* Info.plist */,
			);
			path = SetGame;
			sourceTree = "<group>";
		};
		3D0DDFB02293F26B00EF5FAE /* Model */ = {
			isa = PBXGroup;
			children = (
				3D0DDFAC228ED2B200EF5FAE /* Game.swift */,
				3D0DDFAE228ED2F400EF5FAE /* Card.swift */,
				3D0DDFB12294059800EF5FAE /* ExtensionMethods.swift */,
				3DB1ECED22B69D6500B70EB9 /* Grid.swift */,
				3DE3A79222E1F1CB00717455 /* ExtensionConstants.swift */,
				3D781D0C22F0672700D4D3C1 /* Score.swift */,
			);
			path = Model;
			sourceTree = "<group>";
		};
		3D4343BF22E4AFBE00D454FE /* View */ = {
			isa = PBXGroup;
			children = (
				3DECE75C22C4FB7F00DF4624 /* ShapeView.swift */,
				3D1E715D22E61FC00081CAE0 /* PlayingCardButton.swift */,
				3DB1ECF422BCD92000B70EB9 /* PlayingCardView.swift */,
				3D8DEE8523016F1200B33422 /* UIFactory.swift */,
				3D8DEE8323016EBE00B33422 /* AnimationFactory.swift */,
				3D9BBC5E23214436008366D3 /* ScoreView.swift */,
			);
			path = View;
			sourceTree = "<group>";
		};
		3D4343C022E4B08000D454FE /* Controller */ = {
			isa = PBXGroup;
			children = (
				3DA5517A22C935CD00437A14 /* GraphicalSetViewController.swift */,
				3DE89BA323019B0E00587188 /* MenuViewController.swift */,
				3D4E677E23117BB900513046 /* PushVerticalAnimator.swift */,
			);
			path = Controller;
			sourceTree = "<group>";
		};
		3DC7AF542323C52B0077B30B /* GIF */ = {
			isa = PBXGroup;
			children = (
				3D231B222323CE42006F3926 /* successfulSet.png */,
				3D231B232323CE42006F3926 /* unsuccessfulSet.png */,
				3DC7AF552323C6300077B30B /* buttonPlay.gif */,
				3DC7AF5D2323C6310077B30B /* dealCards.gif */,
				3DC7AF5A2323C6310077B30B /* landscapeGame.gif */,
				3DC7AF5B2323C6310077B30B /* landscapeMenu.gif */,
				3DC7AF572323C6310077B30B /* logo.gif */,
				3DC7AF5C2323C6310077B30B /* restart.gif */,
				3DC7AF562323C6310077B30B /* shuffle.gif */,
				3DC7AF582323C6310077B30B /* successMatch.gif */,
				3DC7AF592323C6310077B30B /* transition.gif */,
				3DC7AF5E2323C6310077B30B /* unsuccessfulMatch.gif */,
			);
			path = GIF;
			sourceTree = "<group>";
		};
		3DDF4BD522EF050E00030AC6 /* Fonts */ = {
			isa = PBXGroup;
			children = (
				3D93AEF6231D78EE00A3AA1E /* CheGuevaraBarry-Brown.ttf */,
			);
			path = Fonts;
			sourceTree = "<group>";
		};
		CC7C3B4534C808AAB090CF55 /* Frameworks */ = {
			isa = PBXGroup;
			children = (
				716FB49FD4F559D7DF5FC4A3 /* Pods_SetGame.framework */,
			);
			name = Frameworks;
			sourceTree = "<group>";
		};
/* End PBXGroup section */

/* Begin PBXNativeTarget section */
		3D06B60423229DC800C03A99 /* UnitTests */ = {
			isa = PBXNativeTarget;
			buildConfigurationList = 3D06B60E23229DC800C03A99 /* Build configuration list for PBXNativeTarget "UnitTests" */;
			buildPhases = (
				3D06B60123229DC800C03A99 /* Sources */,
				3D06B60223229DC800C03A99 /* Frameworks */,
				3D06B60323229DC800C03A99 /* Resources */,
			);
			buildRules = (
			);
			dependencies = (
				3D06B60B23229DC800C03A99 /* PBXTargetDependency */,
			);
			name = UnitTests;
			productName = UnitTests;
			productReference = 3D06B60523229DC800C03A99 /* UnitTests.xctest */;
			productType = "com.apple.product-type.bundle.unit-test";
		};
		3D0DDF96228EBAE400EF5FAE /* SetGame */ = {
			isa = PBXNativeTarget;
			buildConfigurationList = 3D0DDFA9228EBAE600EF5FAE /* Build configuration list for PBXNativeTarget "SetGame" */;
			buildPhases = (
				DE03B274CCBC7B11489D6BD8 /* [CP] Check Pods Manifest.lock */,
				3D0DDF93228EBAE400EF5FAE /* Sources */,
				3D0DDF94228EBAE400EF5FAE /* Frameworks */,
				3D0DDF95228EBAE400EF5FAE /* Resources */,
				F458DC1B47860616EF15FB6F /* [CP] Embed Pods Frameworks */,
			);
			buildRules = (
			);
			dependencies = (
			);
			name = SetGame;
			productName = SetGame;
			productReference = 3D0DDF97228EBAE400EF5FAE /* SetGame.app */;
			productType = "com.apple.product-type.application";
		};
/* End PBXNativeTarget section */

/* Begin PBXProject section */
		3D0DDF8F228EBAE400EF5FAE /* Project object */ = {
			isa = PBXProject;
			attributes = {
				LastSwiftUpdateCheck = 1030;
				LastUpgradeCheck = 1020;
				ORGANIZATIONNAME = "Lukas Lizal";
				TargetAttributes = {
					3D06B60423229DC800C03A99 = {
						CreatedOnToolsVersion = 10.3;
						TestTargetID = 3D0DDF96228EBAE400EF5FAE;
					};
					3D0DDF96228EBAE400EF5FAE = {
						CreatedOnToolsVersion = 10.2.1;
					};
				};
			};
			buildConfigurationList = 3D0DDF92228EBAE400EF5FAE /* Build configuration list for PBXProject "SetGame" */;
			compatibilityVersion = "Xcode 9.3";
			developmentRegion = en;
			hasScannedForEncodings = 0;
			knownRegions = (
				en,
				Base,
			);
			mainGroup = 3D0DDF8E228EBAE400EF5FAE;
			productRefGroup = 3D0DDF98228EBAE400EF5FAE /* Products */;
			projectDirPath = "";
			projectRoot = "";
			targets = (
				3D0DDF96228EBAE400EF5FAE /* SetGame */,
				3D06B60423229DC800C03A99 /* UnitTests */,
			);
		};
/* End PBXProject section */

/* Begin PBXResourcesBuildPhase section */
		3D06B60323229DC800C03A99 /* Resources */ = {
			isa = PBXResourcesBuildPhase;
			buildActionMask = 2147483647;
			files = (
			);
			runOnlyForDeploymentPostprocessing = 0;
		};
		3D0DDF95228EBAE400EF5FAE /* Resources */ = {
			isa = PBXResourcesBuildPhase;
			buildActionMask = 2147483647;
			files = (
				3DC7AF602323C6310077B30B /* shuffle.gif in Resources */,
				3D231B252323CE42006F3926 /* unsuccessfulSet.png in Resources */,
				3D0DDFA5228EBAE600EF5FAE /* LaunchScreen.storyboard in Resources */,
				3DC7AF622323C6310077B30B /* successMatch.gif in Resources */,
				3DC7AF612323C6310077B30B /* logo.gif in Resources */,
				3DC7AF662323C6310077B30B /* restart.gif in Resources */,
				3D231B242323CE42006F3926 /* successfulSet.png in Resources */,
				3D93AEF7231D78EE00A3AA1E /* CheGuevaraBarry-Brown.ttf in Resources */,
				3D0DDFA2228EBAE600EF5FAE /* Assets.xcassets in Resources */,
				3DC7AF682323C6310077B30B /* unsuccessfulMatch.gif in Resources */,
				3DC7AF652323C6310077B30B /* landscapeMenu.gif in Resources */,
				3DC7AF672323C6310077B30B /* dealCards.gif in Resources */,
				3D0DDFA0228EBAE400EF5FAE /* Main.storyboard in Resources */,
				3DC7AF5F2323C6310077B30B /* buttonPlay.gif in Resources */,
				3DC7AF642323C6310077B30B /* landscapeGame.gif in Resources */,
				3DC7AF632323C6310077B30B /* transition.gif in Resources */,
			);
			runOnlyForDeploymentPostprocessing = 0;
		};
/* End PBXResourcesBuildPhase section */

/* Begin PBXShellScriptBuildPhase section */
		DE03B274CCBC7B11489D6BD8 /* [CP] Check Pods Manifest.lock */ = {
			isa = PBXShellScriptBuildPhase;
			buildActionMask = 2147483647;
			files = (
			);
			inputFileListPaths = (
			);
			inputPaths = (
				"${PODS_PODFILE_DIR_PATH}/Podfile.lock",
				"${PODS_ROOT}/Manifest.lock",
			);
			name = "[CP] Check Pods Manifest.lock";
			outputFileListPaths = (
			);
			outputPaths = (
				"$(DERIVED_FILE_DIR)/Pods-SetGame-checkManifestLockResult.txt",
			);
			runOnlyForDeploymentPostprocessing = 0;
			shellPath = /bin/sh;
			shellScript = "diff \"${PODS_PODFILE_DIR_PATH}/Podfile.lock\" \"${PODS_ROOT}/Manifest.lock\" > /dev/null\nif [ $? != 0 ] ; then\n    # print error to STDERR\n    echo \"error: The sandbox is not in sync with the Podfile.lock. Run 'pod install' or update your CocoaPods installation.\" >&2\n    exit 1\nfi\n# This output is used by Xcode 'outputs' to avoid re-running this script phase.\necho \"SUCCESS\" > \"${SCRIPT_OUTPUT_FILE_0}\"\n";
			showEnvVarsInLog = 0;
		};
		F458DC1B47860616EF15FB6F /* [CP] Embed Pods Frameworks */ = {
			isa = PBXShellScriptBuildPhase;
			buildActionMask = 2147483647;
			files = (
			);
			inputFileListPaths = (
				"${PODS_ROOT}/Target Support Files/Pods-SetGame/Pods-SetGame-frameworks-${CONFIGURATION}-input-files.xcfilelist",
			);
			name = "[CP] Embed Pods Frameworks";
			outputFileListPaths = (
				"${PODS_ROOT}/Target Support Files/Pods-SetGame/Pods-SetGame-frameworks-${CONFIGURATION}-output-files.xcfilelist",
			);
			runOnlyForDeploymentPostprocessing = 0;
			shellPath = /bin/sh;
			shellScript = "\"${PODS_ROOT}/Target Support Files/Pods-SetGame/Pods-SetGame-frameworks.sh\"\n";
			showEnvVarsInLog = 0;
		};
/* End PBXShellScriptBuildPhase section */

/* Begin PBXSourcesBuildPhase section */
		3D06B60123229DC800C03A99 /* Sources */ = {
			isa = PBXSourcesBuildPhase;
			buildActionMask = 2147483647;
			files = (
				3D06B60823229DC800C03A99 /* UnitTests.swift in Sources */,
			);
			runOnlyForDeploymentPostprocessing = 0;
		};
		3D0DDF93228EBAE400EF5FAE /* Sources */ = {
			isa = PBXSourcesBuildPhase;
			buildActionMask = 2147483647;
			files = (
				3D8DEE8423016EBE00B33422 /* AnimationFactory.swift in Sources */,
				3DECE75D22C4FB7F00DF4624 /* ShapeView.swift in Sources */,
				3D0DDFB22294059800EF5FAE /* ExtensionMethods.swift in Sources */,
				3D9BBC5F23214437008366D3 /* ScoreView.swift in Sources */,
				3DE89BA423019B0E00587188 /* MenuViewController.swift in Sources */,
				3D1E715E22E61FC00081CAE0 /* PlayingCardButton.swift in Sources */,
				3D4E677F23117BB900513046 /* PushVerticalAnimator.swift in Sources */,
				3D8DEE8623016F1200B33422 /* UIFactory.swift in Sources */,
				3DB1ECF522BCD92000B70EB9 /* PlayingCardView.swift in Sources */,
				3D0DDFAD228ED2B200EF5FAE /* Game.swift in Sources */,
				3DE3A79322E1F1CB00717455 /* ExtensionConstants.swift in Sources */,
				3DA5517B22C935CD00437A14 /* GraphicalSetViewController.swift in Sources */,
				3D0DDF9B228EBAE400EF5FAE /* AppDelegate.swift in Sources */,
				3D0DDFAF228ED2F400EF5FAE /* Card.swift in Sources */,
				3D781D0D22F0672700D4D3C1 /* Score.swift in Sources */,
				3DB1ECEE22B69D6500B70EB9 /* Grid.swift in Sources */,
			);
			runOnlyForDeploymentPostprocessing = 0;
		};
/* End PBXSourcesBuildPhase section */

/* Begin PBXTargetDependency section */
		3D06B60B23229DC800C03A99 /* PBXTargetDependency */ = {
			isa = PBXTargetDependency;
			target = 3D0DDF96228EBAE400EF5FAE /* SetGame */;
			targetProxy = 3D06B60A23229DC800C03A99 /* PBXContainerItemProxy */;
		};
/* End PBXTargetDependency section */

/* Begin PBXVariantGroup section */
		3D0DDF9E228EBAE400EF5FAE /* Main.storyboard */ = {
			isa = PBXVariantGroup;
			children = (
				3D0DDF9F228EBAE400EF5FAE /* Base */,
			);
			name = Main.storyboard;
			sourceTree = "<group>";
		};
		3D0DDFA3228EBAE600EF5FAE /* LaunchScreen.storyboard */ = {
			isa = PBXVariantGroup;
			children = (
				3D0DDFA4228EBAE600EF5FAE /* Base */,
			);
			name = LaunchScreen.storyboard;
			sourceTree = "<group>";
		};
/* End PBXVariantGroup section */

/* Begin XCBuildConfiguration section */
		3D06B60C23229DC800C03A99 /* Debug */ = {
			isa = XCBuildConfiguration;
			buildSettings = {
				BUNDLE_LOADER = "$(TEST_HOST)";
				CODE_SIGN_STYLE = Automatic;
				DEVELOPMENT_TEAM = 6LQ8E9FE96;
				INFOPLIST_FILE = UnitTests/Info.plist;
				IPHONEOS_DEPLOYMENT_TARGET = 12.4;
				LD_RUNPATH_SEARCH_PATHS = (
					"$(inherited)",
					"@executable_path/Frameworks",
					"@loader_path/Frameworks",
				);
				PRODUCT_BUNDLE_IDENTIFIER = cz.lukaslizal.UnitTests;
				PRODUCT_NAME = "$(TARGET_NAME)";
				SWIFT_VERSION = 5.0;
				TARGETED_DEVICE_FAMILY = "1,2";
				TEST_HOST = "$(BUILT_PRODUCTS_DIR)/SetGame.app/SetGame";
			};
			name = Debug;
		};
		3D06B60D23229DC800C03A99 /* Release */ = {
			isa = XCBuildConfiguration;
			buildSettings = {
				BUNDLE_LOADER = "$(TEST_HOST)";
				CODE_SIGN_STYLE = Automatic;
				DEVELOPMENT_TEAM = 6LQ8E9FE96;
				INFOPLIST_FILE = UnitTests/Info.plist;
				IPHONEOS_DEPLOYMENT_TARGET = 12.4;
				LD_RUNPATH_SEARCH_PATHS = (
					"$(inherited)",
					"@executable_path/Frameworks",
					"@loader_path/Frameworks",
				);
				PRODUCT_BUNDLE_IDENTIFIER = cz.lukaslizal.UnitTests;
				PRODUCT_NAME = "$(TARGET_NAME)";
				SWIFT_VERSION = 5.0;
				TARGETED_DEVICE_FAMILY = "1,2";
				TEST_HOST = "$(BUILT_PRODUCTS_DIR)/SetGame.app/SetGame";
			};
			name = Release;
		};
		3D0DDFA7228EBAE600EF5FAE /* Debug */ = {
			isa = XCBuildConfiguration;
			buildSettings = {
				ALWAYS_SEARCH_USER_PATHS = NO;
				CLANG_ANALYZER_NONNULL = YES;
				CLANG_ANALYZER_NUMBER_OBJECT_CONVERSION = YES_AGGRESSIVE;
				CLANG_CXX_LANGUAGE_STANDARD = "gnu++14";
				CLANG_CXX_LIBRARY = "libc++";
				CLANG_ENABLE_MODULES = YES;
				CLANG_ENABLE_OBJC_ARC = YES;
				CLANG_ENABLE_OBJC_WEAK = YES;
				CLANG_WARN_BLOCK_CAPTURE_AUTORELEASING = YES;
				CLANG_WARN_BOOL_CONVERSION = YES;
				CLANG_WARN_COMMA = YES;
				CLANG_WARN_CONSTANT_CONVERSION = YES;
				CLANG_WARN_DEPRECATED_OBJC_IMPLEMENTATIONS = YES;
				CLANG_WARN_DIRECT_OBJC_ISA_USAGE = YES_ERROR;
				CLANG_WARN_DOCUMENTATION_COMMENTS = YES;
				CLANG_WARN_EMPTY_BODY = YES;
				CLANG_WARN_ENUM_CONVERSION = YES;
				CLANG_WARN_INFINITE_RECURSION = YES;
				CLANG_WARN_INT_CONVERSION = YES;
				CLANG_WARN_NON_LITERAL_NULL_CONVERSION = YES;
				CLANG_WARN_OBJC_IMPLICIT_RETAIN_SELF = YES;
				CLANG_WARN_OBJC_LITERAL_CONVERSION = YES;
				CLANG_WARN_OBJC_ROOT_CLASS = YES_ERROR;
				CLANG_WARN_RANGE_LOOP_ANALYSIS = YES;
				CLANG_WARN_STRICT_PROTOTYPES = YES;
				CLANG_WARN_SUSPICIOUS_MOVE = YES;
				CLANG_WARN_UNGUARDED_AVAILABILITY = YES_AGGRESSIVE;
				CLANG_WARN_UNREACHABLE_CODE = YES;
				CLANG_WARN__DUPLICATE_METHOD_MATCH = YES;
				CODE_SIGN_IDENTITY = "iPhone Developer";
				COPY_PHASE_STRIP = NO;
				DEBUG_INFORMATION_FORMAT = dwarf;
				ENABLE_STRICT_OBJC_MSGSEND = YES;
				ENABLE_TESTABILITY = YES;
				GCC_C_LANGUAGE_STANDARD = gnu11;
				GCC_DYNAMIC_NO_PIC = NO;
				GCC_NO_COMMON_BLOCKS = YES;
				GCC_OPTIMIZATION_LEVEL = 0;
				GCC_PREPROCESSOR_DEFINITIONS = (
					"DEBUG=1",
					"$(inherited)",
				);
				GCC_WARN_64_TO_32_BIT_CONVERSION = YES;
				GCC_WARN_ABOUT_RETURN_TYPE = YES_ERROR;
				GCC_WARN_UNDECLARED_SELECTOR = YES;
				GCC_WARN_UNINITIALIZED_AUTOS = YES_AGGRESSIVE;
				GCC_WARN_UNUSED_FUNCTION = YES;
				GCC_WARN_UNUSED_VARIABLE = YES;
				IPHONEOS_DEPLOYMENT_TARGET = 12.2;
				MTL_ENABLE_DEBUG_INFO = INCLUDE_SOURCE;
				MTL_FAST_MATH = YES;
				ONLY_ACTIVE_ARCH = YES;
				SDKROOT = iphoneos;
				SWIFT_ACTIVE_COMPILATION_CONDITIONS = DEBUG;
				SWIFT_OPTIMIZATION_LEVEL = "-Onone";
			};
			name = Debug;
		};
		3D0DDFA8228EBAE600EF5FAE /* Release */ = {
			isa = XCBuildConfiguration;
			buildSettings = {
				ALWAYS_SEARCH_USER_PATHS = NO;
				CLANG_ANALYZER_NONNULL = YES;
				CLANG_ANALYZER_NUMBER_OBJECT_CONVERSION = YES_AGGRESSIVE;
				CLANG_CXX_LANGUAGE_STANDARD = "gnu++14";
				CLANG_CXX_LIBRARY = "libc++";
				CLANG_ENABLE_MODULES = YES;
				CLANG_ENABLE_OBJC_ARC = YES;
				CLANG_ENABLE_OBJC_WEAK = YES;
				CLANG_WARN_BLOCK_CAPTURE_AUTORELEASING = YES;
				CLANG_WARN_BOOL_CONVERSION = YES;
				CLANG_WARN_COMMA = YES;
				CLANG_WARN_CONSTANT_CONVERSION = YES;
				CLANG_WARN_DEPRECATED_OBJC_IMPLEMENTATIONS = YES;
				CLANG_WARN_DIRECT_OBJC_ISA_USAGE = YES_ERROR;
				CLANG_WARN_DOCUMENTATION_COMMENTS = YES;
				CLANG_WARN_EMPTY_BODY = YES;
				CLANG_WARN_ENUM_CONVERSION = YES;
				CLANG_WARN_INFINITE_RECURSION = YES;
				CLANG_WARN_INT_CONVERSION = YES;
				CLANG_WARN_NON_LITERAL_NULL_CONVERSION = YES;
				CLANG_WARN_OBJC_IMPLICIT_RETAIN_SELF = YES;
				CLANG_WARN_OBJC_LITERAL_CONVERSION = YES;
				CLANG_WARN_OBJC_ROOT_CLASS = YES_ERROR;
				CLANG_WARN_RANGE_LOOP_ANALYSIS = YES;
				CLANG_WARN_STRICT_PROTOTYPES = YES;
				CLANG_WARN_SUSPICIOUS_MOVE = YES;
				CLANG_WARN_UNGUARDED_AVAILABILITY = YES_AGGRESSIVE;
				CLANG_WARN_UNREACHABLE_CODE = YES;
				CLANG_WARN__DUPLICATE_METHOD_MATCH = YES;
				CODE_SIGN_IDENTITY = "iPhone Developer";
				COPY_PHASE_STRIP = NO;
				DEBUG_INFORMATION_FORMAT = "dwarf-with-dsym";
				ENABLE_NS_ASSERTIONS = NO;
				ENABLE_STRICT_OBJC_MSGSEND = YES;
				GCC_C_LANGUAGE_STANDARD = gnu11;
				GCC_NO_COMMON_BLOCKS = YES;
				GCC_WARN_64_TO_32_BIT_CONVERSION = YES;
				GCC_WARN_ABOUT_RETURN_TYPE = YES_ERROR;
				GCC_WARN_UNDECLARED_SELECTOR = YES;
				GCC_WARN_UNINITIALIZED_AUTOS = YES_AGGRESSIVE;
				GCC_WARN_UNUSED_FUNCTION = YES;
				GCC_WARN_UNUSED_VARIABLE = YES;
				IPHONEOS_DEPLOYMENT_TARGET = 12.2;
				MTL_ENABLE_DEBUG_INFO = NO;
				MTL_FAST_MATH = YES;
				SDKROOT = iphoneos;
				SWIFT_COMPILATION_MODE = wholemodule;
				SWIFT_OPTIMIZATION_LEVEL = "-O";
				VALIDATE_PRODUCT = YES;
			};
			name = Release;
		};
		3D0DDFAA228EBAE600EF5FAE /* Debug */ = {
			isa = XCBuildConfiguration;
			baseConfigurationReference = FB94B1ED86FAD31DC02B2102 /* Pods-SetGame.debug.xcconfig */;
			buildSettings = {
				ASSETCATALOG_COMPILER_APPICON_NAME = AppIcon;
				CODE_SIGN_STYLE = Automatic;
				DEVELOPMENT_TEAM = 6LQ8E9FE96;
				INFOPLIST_FILE = SetGame/Info.plist;
				IPHONEOS_DEPLOYMENT_TARGET = 11.0;
				LD_RUNPATH_SEARCH_PATHS = (
					"$(inherited)",
					"@executable_path/Frameworks",
				);
				PRODUCT_BUNDLE_IDENTIFIER = cz.lukaslizal.MatchThePack;
				PRODUCT_NAME = "$(TARGET_NAME)";
				SWIFT_VERSION = 5.0;
				TARGETED_DEVICE_FAMILY = "1,2";
			};
			name = Debug;
		};
		3D0DDFAB228EBAE600EF5FAE /* Release */ = {
			isa = XCBuildConfiguration;
			baseConfigurationReference = F1D9A2B9D91FFEA904C86FB8 /* Pods-SetGame.release.xcconfig */;
			buildSettings = {
				ASSETCATALOG_COMPILER_APPICON_NAME = AppIcon;
				CODE_SIGN_STYLE = Automatic;
				DEVELOPMENT_TEAM = 6LQ8E9FE96;
				INFOPLIST_FILE = SetGame/Info.plist;
				IPHONEOS_DEPLOYMENT_TARGET = 11.0;
				LD_RUNPATH_SEARCH_PATHS = (
					"$(inherited)",
					"@executable_path/Frameworks",
				);
				PRODUCT_BUNDLE_IDENTIFIER = cz.lukaslizal.MatchThePack;
				PRODUCT_NAME = "$(TARGET_NAME)";
				SWIFT_VERSION = 5.0;
				TARGETED_DEVICE_FAMILY = "1,2";
			};
			name = Release;
		};
/* End XCBuildConfiguration section */

/* Begin XCConfigurationList section */
		3D06B60E23229DC800C03A99 /* Build configuration list for PBXNativeTarget "UnitTests" */ = {
			isa = XCConfigurationList;
			buildConfigurations = (
				3D06B60C23229DC800C03A99 /* Debug */,
				3D06B60D23229DC800C03A99 /* Release */,
			);
			defaultConfigurationIsVisible = 0;
			defaultConfigurationName = Release;
		};
		3D0DDF92228EBAE400EF5FAE /* Build configuration list for PBXProject "SetGame" */ = {
			isa = XCConfigurationList;
			buildConfigurations = (
				3D0DDFA7228EBAE600EF5FAE /* Debug */,
				3D0DDFA8228EBAE600EF5FAE /* Release */,
			);
			defaultConfigurationIsVisible = 0;
			defaultConfigurationName = Release;
		};
		3D0DDFA9228EBAE600EF5FAE /* Build configuration list for PBXNativeTarget "SetGame" */ = {
			isa = XCConfigurationList;
			buildConfigurations = (
				3D0DDFAA228EBAE600EF5FAE /* Debug */,
				3D0DDFAB228EBAE600EF5FAE /* Release */,
			);
			defaultConfigurationIsVisible = 0;
			defaultConfigurationName = Release;
		};
/* End XCConfigurationList section */
	};
	rootObject = 3D0DDF8F228EBAE400EF5FAE /* Project object */;
}
