// !$*UTF8*$!
{
	archiveVersion = 1;
	classes = {
	};
	objectVersion = 50;
	objects = {

/* Begin PBXBuildFile section */
		3D0DDF9B228EBAE400EF5FAE /* AppDelegate.swift in Sources */ = {isa = PBXBuildFile; fileRef = 3D0DDF9A228EBAE400EF5FAE /* AppDelegate.swift */; };
		3D0DDFA0228EBAE400EF5FAE /* Main.storyboard in Resources */ = {isa = PBXBuildFile; fileRef = 3D0DDF9E228EBAE400EF5FAE /* Main.storyboard */; };
		3D0DDFA2228EBAE600EF5FAE /* Assets.xcassets in Resources */ = {isa = PBXBuildFile; fileRef = 3D0DDFA1228EBAE600EF5FAE /* Assets.xcassets */; };
		3D0DDFA5228EBAE600EF5FAE /* LaunchScreen.storyboard in Resources */ = {isa = PBXBuildFile; fileRef = 3D0DDFA3228EBAE600EF5FAE /* LaunchScreen.storyboard */; };
		3D0DDFAD228ED2B200EF5FAE /* Game.swift in Sources */ = {isa = PBXBuildFile; fileRef = 3D0DDFAC228ED2B200EF5FAE /* Game.swift */; };
		3D0DDFAF228ED2F400EF5FAE /* Card.swift in Sources */ = {isa = PBXBuildFile; fileRef = 3D0DDFAE228ED2F400EF5FAE /* Card.swift */; };
		3D0DDFB22294059800EF5FAE /* ExtensionMethods.swift in Sources */ = {isa = PBXBuildFile; fileRef = 3D0DDFB12294059800EF5FAE /* ExtensionMethods.swift */; };
		3D1E715E22E61FC00081CAE0 /* PlayingCardButton.swift in Sources */ = {isa = PBXBuildFile; fileRef = 3D1E715D22E61FC00081CAE0 /* PlayingCardButton.swift */; };
		3D63628722FB0E65008BC335 /* Factory.swift in Sources */ = {isa = PBXBuildFile; fileRef = 3D63628622FB0E65008BC335 /* Factory.swift */; };
		3D781D0D22F0672700D4D3C1 /* Score.swift in Sources */ = {isa = PBXBuildFile; fileRef = 3D781D0C22F0672700D4D3C1 /* Score.swift */; };
		3DA5517B22C935CD00437A14 /* GraphicalSetViewController.swift in Sources */ = {isa = PBXBuildFile; fileRef = 3DA5517A22C935CD00437A14 /* GraphicalSetViewController.swift */; };
		3DB1ECEE22B69D6500B70EB9 /* Grid.swift in Sources */ = {isa = PBXBuildFile; fileRef = 3DB1ECED22B69D6500B70EB9 /* Grid.swift */; };
		3DB1ECF522BCD92000B70EB9 /* PlayingCardView.swift in Sources */ = {isa = PBXBuildFile; fileRef = 3DB1ECF422BCD92000B70EB9 /* PlayingCardView.swift */; };
		3DDF4BE522EF1ABE00030AC6 /* CheGuevaraBarry-Brown.ttf in Resources */ = {isa = PBXBuildFile; fileRef = 3DDF4BE422EF1ABD00030AC6 /* CheGuevaraBarry-Brown.ttf */; };
		3DDF4BEA22EF1AEE00030AC6 /* BPreplay.otf in Resources */ = {isa = PBXBuildFile; fileRef = 3DDF4BE622EF1AEE00030AC6 /* BPreplay.otf */; };
		3DDF4BEB22EF1AEE00030AC6 /* BPreplayBoldItalics.otf in Resources */ = {isa = PBXBuildFile; fileRef = 3DDF4BE722EF1AEE00030AC6 /* BPreplayBoldItalics.otf */; };
		3DDF4BEC22EF1AEE00030AC6 /* BPreplayBold.otf in Resources */ = {isa = PBXBuildFile; fileRef = 3DDF4BE822EF1AEE00030AC6 /* BPreplayBold.otf */; };
		3DDF4BED22EF1AEE00030AC6 /* BPreplayItalics.otf in Resources */ = {isa = PBXBuildFile; fileRef = 3DDF4BE922EF1AEE00030AC6 /* BPreplayItalics.otf */; };
		3DE3A79322E1F1CB00717455 /* ExtensionConstants.swift in Sources */ = {isa = PBXBuildFile; fileRef = 3DE3A79222E1F1CB00717455 /* ExtensionConstants.swift */; };
		3DECE75D22C4FB7F00DF4624 /* ShapeView.swift in Sources */ = {isa = PBXBuildFile; fileRef = 3DECE75C22C4FB7F00DF4624 /* ShapeView.swift */; };
/* End PBXBuildFile section */

/* Begin PBXFileReference section */
		3D0DDF97228EBAE400EF5FAE /* SetGame.app */ = {isa = PBXFileReference; explicitFileType = wrapper.application; includeInIndex = 0; path = SetGame.app; sourceTree = BUILT_PRODUCTS_DIR; };
		3D0DDF9A228EBAE400EF5FAE /* AppDelegate.swift */ = {isa = PBXFileReference; lastKnownFileType = sourcecode.swift; path = AppDelegate.swift; sourceTree = "<group>"; };
		3D0DDF9F228EBAE400EF5FAE /* Base */ = {isa = PBXFileReference; lastKnownFileType = file.storyboard; name = Base; path = Base.lproj/Main.storyboard; sourceTree = "<group>"; };
		3D0DDFA1228EBAE600EF5FAE /* Assets.xcassets */ = {isa = PBXFileReference; lastKnownFileType = folder.assetcatalog; path = Assets.xcassets; sourceTree = "<group>"; };
		3D0DDFA4228EBAE600EF5FAE /* Base */ = {isa = PBXFileReference; lastKnownFileType = file.storyboard; name = Base; path = Base.lproj/LaunchScreen.storyboard; sourceTree = "<group>"; };
		3D0DDFA6228EBAE600EF5FAE /* Info.plist */ = {isa = PBXFileReference; lastKnownFileType = text.plist.xml; path = Info.plist; sourceTree = "<group>"; };
		3D0DDFAC228ED2B200EF5FAE /* Game.swift */ = {isa = PBXFileReference; lastKnownFileType = sourcecode.swift; path = Game.swift; sourceTree = "<group>"; };
		3D0DDFAE228ED2F400EF5FAE /* Card.swift */ = {isa = PBXFileReference; lastKnownFileType = sourcecode.swift; path = Card.swift; sourceTree = "<group>"; };
		3D0DDFB12294059800EF5FAE /* ExtensionMethods.swift */ = {isa = PBXFileReference; lastKnownFileType = sourcecode.swift; path = ExtensionMethods.swift; sourceTree = "<group>"; };
		3D1E715D22E61FC00081CAE0 /* PlayingCardButton.swift */ = {isa = PBXFileReference; lastKnownFileType = sourcecode.swift; path = PlayingCardButton.swift; sourceTree = "<group>"; };
		3D63628622FB0E65008BC335 /* Factory.swift */ = {isa = PBXFileReference; lastKnownFileType = sourcecode.swift; path = Factory.swift; sourceTree = "<group>"; };
		3D781D0C22F0672700D4D3C1 /* Score.swift */ = {isa = PBXFileReference; lastKnownFileType = sourcecode.swift; path = Score.swift; sourceTree = "<group>"; };
		3DA5517A22C935CD00437A14 /* GraphicalSetViewController.swift */ = {isa = PBXFileReference; lastKnownFileType = sourcecode.swift; path = GraphicalSetViewController.swift; sourceTree = "<group>"; };
		3DB1ECED22B69D6500B70EB9 /* Grid.swift */ = {isa = PBXFileReference; lastKnownFileType = sourcecode.swift; path = Grid.swift; sourceTree = "<group>"; };
		3DB1ECF422BCD92000B70EB9 /* PlayingCardView.swift */ = {isa = PBXFileReference; lastKnownFileType = sourcecode.swift; path = PlayingCardView.swift; sourceTree = "<group>"; };
		3DDF4BE422EF1ABD00030AC6 /* CheGuevaraBarry-Brown.ttf */ = {isa = PBXFileReference; lastKnownFileType = file; path = "CheGuevaraBarry-Brown.ttf"; sourceTree = "<group>"; };
		3DDF4BE622EF1AEE00030AC6 /* BPreplay.otf */ = {isa = PBXFileReference; lastKnownFileType = file; path = BPreplay.otf; sourceTree = "<group>"; };
		3DDF4BE722EF1AEE00030AC6 /* BPreplayBoldItalics.otf */ = {isa = PBXFileReference; lastKnownFileType = file; path = BPreplayBoldItalics.otf; sourceTree = "<group>"; };
		3DDF4BE822EF1AEE00030AC6 /* BPreplayBold.otf */ = {isa = PBXFileReference; lastKnownFileType = file; path = BPreplayBold.otf; sourceTree = "<group>"; };
		3DDF4BE922EF1AEE00030AC6 /* BPreplayItalics.otf */ = {isa = PBXFileReference; lastKnownFileType = file; path = BPreplayItalics.otf; sourceTree = "<group>"; };
		3DE3A79222E1F1CB00717455 /* ExtensionConstants.swift */ = {isa = PBXFileReference; lastKnownFileType = sourcecode.swift; path = ExtensionConstants.swift; sourceTree = "<group>"; };
		3DECE75C22C4FB7F00DF4624 /* ShapeView.swift */ = {isa = PBXFileReference; lastKnownFileType = sourcecode.swift; path = ShapeView.swift; sourceTree = "<group>"; };
/* End PBXFileReference section */

/* Begin PBXFrameworksBuildPhase section */
		3D0DDF94228EBAE400EF5FAE /* Frameworks */ = {
			isa = PBXFrameworksBuildPhase;
			buildActionMask = 2147483647;
			files = (
			);
			runOnlyForDeploymentPostprocessing = 0;
		};
/* End PBXFrameworksBuildPhase section */

/* Begin PBXGroup section */
		3D0DDF8E228EBAE400EF5FAE = {
			isa = PBXGroup;
			children = (
				3D0DDF99228EBAE400EF5FAE /* SetGame */,
				3D0DDF98228EBAE400EF5FAE /* Products */,
			);
			sourceTree = "<group>";
		};
		3D0DDF98228EBAE400EF5FAE /* Products */ = {
			isa = PBXGroup;
			children = (
				3D0DDF97228EBAE400EF5FAE /* SetGame.app */,
			);
			name = Products;
			sourceTree = "<group>";
		};
		3D0DDF99228EBAE400EF5FAE /* SetGame */ = {
			isa = PBXGroup;
			children = (
				3D0DDFB02293F26B00EF5FAE /* Model */,
				3D4343BF22E4AFBE00D454FE /* View */,
				3D4343C022E4B08000D454FE /* Controller */,
				3D0DDF9A228EBAE400EF5FAE /* AppDelegate.swift */,
				3DDF4BD522EF050E00030AC6 /* Fonts */,
				3D0DDF9E228EBAE400EF5FAE /* Main.storyboard */,
				3D0DDFA1228EBAE600EF5FAE /* Assets.xcassets */,
				3D0DDFA3228EBAE600EF5FAE /* LaunchScreen.storyboard */,
				3D0DDFA6228EBAE600EF5FAE /* Info.plist */,
			);
			path = SetGame;
			sourceTree = "<group>";
		};
		3D0DDFB02293F26B00EF5FAE /* Model */ = {
			isa = PBXGroup;
			children = (
				3D0DDFAC228ED2B200EF5FAE /* Game.swift */,
				3D0DDFAE228ED2F400EF5FAE /* Card.swift */,
				3D0DDFB12294059800EF5FAE /* ExtensionMethods.swift */,
				3DE3A79222E1F1CB00717455 /* ExtensionConstants.swift */,
				3D781D0C22F0672700D4D3C1 /* Score.swift */,
			);
			path = Model;
			sourceTree = "<group>";
		};
		3D4343BF22E4AFBE00D454FE /* View */ = {
			isa = PBXGroup;
			children = (
				3DECE75C22C4FB7F00DF4624 /* ShapeView.swift */,
				3D1E715D22E61FC00081CAE0 /* PlayingCardButton.swift */,
				3DB1ECF422BCD92000B70EB9 /* PlayingCardView.swift */,
				3DB1ECED22B69D6500B70EB9 /* Grid.swift */,
			);
			path = View;
			sourceTree = "<group>";
		};
		3D4343C022E4B08000D454FE /* Controller */ = {
			isa = PBXGroup;
			children = (
				3DA5517A22C935CD00437A14 /* GraphicalSetViewController.swift */,
				3D63628622FB0E65008BC335 /* Factory.swift */,
			);
			path = Controller;
			sourceTree = "<group>";
		};
		3DDF4BD522EF050E00030AC6 /* Fonts */ = {
			isa = PBXGroup;
			children = (
				3DDF4BE622EF1AEE00030AC6 /* BPreplay.otf */,
				3DDF4BE822EF1AEE00030AC6 /* BPreplayBold.otf */,
				3DDF4BE722EF1AEE00030AC6 /* BPreplayBoldItalics.otf */,
				3DDF4BE922EF1AEE00030AC6 /* BPreplayItalics.otf */,
				3DDF4BE422EF1ABD00030AC6 /* CheGuevaraBarry-Brown.ttf */,
			);
			path = Fonts;
			sourceTree = "<group>";
		};
/* End PBXGroup section */

/* Begin PBXNativeTarget section */
		3D0DDF96228EBAE400EF5FAE /* SetGame */ = {
			isa = PBXNativeTarget;
			buildConfigurationList = 3D0DDFA9228EBAE600EF5FAE /* Build configuration list for PBXNativeTarget "SetGame" */;
			buildPhases = (
				3D0DDF93228EBAE400EF5FAE /* Sources */,
				3D0DDF94228EBAE400EF5FAE /* Frameworks */,
				3D0DDF95228EBAE400EF5FAE /* Resources */,
			);
			buildRules = (
			);
			dependencies = (
			);
			name = SetGame;
			productName = SetGame;
			productReference = 3D0DDF97228EBAE400EF5FAE /* SetGame.app */;
			productType = "com.apple.product-type.application";
		};
/* End PBXNativeTarget section */

/* Begin PBXProject section */
		3D0DDF8F228EBAE400EF5FAE /* Project object */ = {
			isa = PBXProject;
			attributes = {
				LastSwiftUpdateCheck = 1020;
				LastUpgradeCheck = 1020;
				ORGANIZATIONNAME = "Lukas Lizal";
				TargetAttributes = {
					3D0DDF96228EBAE400EF5FAE = {
						CreatedOnToolsVersion = 10.2.1;
					};
				};
			};
			buildConfigurationList = 3D0DDF92228EBAE400EF5FAE /* Build configuration list for PBXProject "SetGame" */;
			compatibilityVersion = "Xcode 9.3";
			developmentRegion = en;
			hasScannedForEncodings = 0;
			knownRegions = (
				en,
				Base,
			);
			mainGroup = 3D0DDF8E228EBAE400EF5FAE;
			productRefGroup = 3D0DDF98228EBAE400EF5FAE /* Products */;
			projectDirPath = "";
			projectRoot = "";
			targets = (
				3D0DDF96228EBAE400EF5FAE /* SetGame */,
			);
		};
/* End PBXProject section */

/* Begin PBXResourcesBuildPhase section */
		3D0DDF95228EBAE400EF5FAE /* Resources */ = {
			isa = PBXResourcesBuildPhase;
			buildActionMask = 2147483647;
			files = (
				3D0DDFA5228EBAE600EF5FAE /* LaunchScreen.storyboard in Resources */,
				3DDF4BE522EF1ABE00030AC6 /* CheGuevaraBarry-Brown.ttf in Resources */,
				3DDF4BED22EF1AEE00030AC6 /* BPreplayItalics.otf in Resources */,
				3DDF4BEA22EF1AEE00030AC6 /* BPreplay.otf in Resources */,
				3DDF4BEB22EF1AEE00030AC6 /* BPreplayBoldItalics.otf in Resources */,
				3D0DDFA2228EBAE600EF5FAE /* Assets.xcassets in Resources */,
				3DDF4BEC22EF1AEE00030AC6 /* BPreplayBold.otf in Resources */,
				3D0DDFA0228EBAE400EF5FAE /* Main.storyboard in Resources */,
			);
			runOnlyForDeploymentPostprocessing = 0;
		};
/* End PBXResourcesBuildPhase section */

/* Begin PBXSourcesBuildPhase section */
		3D0DDF93228EBAE400EF5FAE /* Sources */ = {
			isa = PBXSourcesBuildPhase;
			buildActionMask = 2147483647;
			files = (
				3DECE75D22C4FB7F00DF4624 /* ShapeView.swift in Sources */,
				3D0DDFB22294059800EF5FAE /* ExtensionMethods.swift in Sources */,
				3D1E715E22E61FC00081CAE0 /* PlayingCardButton.swift in Sources */,
				3DB1ECF522BCD92000B70EB9 /* PlayingCardView.swift in Sources */,
				3D0DDFAD228ED2B200EF5FAE /* Game.swift in Sources */,
				3DE3A79322E1F1CB00717455 /* ExtensionConstants.swift in Sources */,
				3DA5517B22C935CD00437A14 /* GraphicalSetViewController.swift in Sources */,
				3D0DDF9B228EBAE400EF5FAE /* AppDelegate.swift in Sources */,
				3D63628722FB0E65008BC335 /* Factory.swift in Sources */,
				3D0DDFAF228ED2F400EF5FAE /* Card.swift in Sources */,
				3D781D0D22F0672700D4D3C1 /* Score.swift in Sources */,
				3DB1ECEE22B69D6500B70EB9 /* Grid.swift in Sources */,
			);
			runOnlyForDeploymentPostprocessing = 0;
		};
/* End PBXSourcesBuildPhase section */

/* Begin PBXVariantGroup section */
		3D0DDF9E228EBAE400EF5FAE /* Main.storyboard */ = {
			isa = PBXVariantGroup;
			children = (
				3D0DDF9F228EBAE400EF5FAE /* Base */,
			);
			name = Main.storyboard;
			sourceTree = "<group>";
		};
		3D0DDFA3228EBAE600EF5FAE /* LaunchScreen.storyboard */ = {
			isa = PBXVariantGroup;
			children = (
				3D0DDFA4228EBAE600EF5FAE /* Base */,
			);
			name = LaunchScreen.storyboard;
			sourceTree = "<group>";
		};
/* End PBXVariantGroup section */

/* Begin XCBuildConfiguration section */
		3D0DDFA7228EBAE600EF5FAE /* Debug */ = {
			isa = XCBuildConfiguration;
			buildSettings = {
				ALWAYS_SEARCH_USER_PATHS = NO;
				CLANG_ANALYZER_NONNULL = YES;
				CLANG_ANALYZER_NUMBER_OBJECT_CONVERSION = YES_AGGRESSIVE;
				CLANG_CXX_LANGUAGE_STANDARD = "gnu++14";
				CLANG_CXX_LIBRARY = "libc++";
				CLANG_ENABLE_MODULES = YES;
				CLANG_ENABLE_OBJC_ARC = YES;
				CLANG_ENABLE_OBJC_WEAK = YES;
				CLANG_WARN_BLOCK_CAPTURE_AUTORELEASING = YES;
				CLANG_WARN_BOOL_CONVERSION = YES;
				CLANG_WARN_COMMA = YES;
				CLANG_WARN_CONSTANT_CONVERSION = YES;
				CLANG_WARN_DEPRECATED_OBJC_IMPLEMENTATIONS = YES;
				CLANG_WARN_DIRECT_OBJC_ISA_USAGE = YES_ERROR;
				CLANG_WARN_DOCUMENTATION_COMMENTS = YES;
				CLANG_WARN_EMPTY_BODY = YES;
				CLANG_WARN_ENUM_CONVERSION = YES;
				CLANG_WARN_INFINITE_RECURSION = YES;
				CLANG_WARN_INT_CONVERSION = YES;
				CLANG_WARN_NON_LITERAL_NULL_CONVERSION = YES;
				CLANG_WARN_OBJC_IMPLICIT_RETAIN_SELF = YES;
				CLANG_WARN_OBJC_LITERAL_CONVERSION = YES;
				CLANG_WARN_OBJC_ROOT_CLASS = YES_ERROR;
				CLANG_WARN_RANGE_LOOP_ANALYSIS = YES;
				CLANG_WARN_STRICT_PROTOTYPES = YES;
				CLANG_WARN_SUSPICIOUS_MOVE = YES;
				CLANG_WARN_UNGUARDED_AVAILABILITY = YES_AGGRESSIVE;
				CLANG_WARN_UNREACHABLE_CODE = YES;
				CLANG_WARN__DUPLICATE_METHOD_MATCH = YES;
				CODE_SIGN_IDENTITY = "iPhone Developer";
				COPY_PHASE_STRIP = NO;
				DEBUG_INFORMATION_FORMAT = dwarf;
				ENABLE_STRICT_OBJC_MSGSEND = YES;
				ENABLE_TESTABILITY = YES;
				GCC_C_LANGUAGE_STANDARD = gnu11;
				GCC_DYNAMIC_NO_PIC = NO;
				GCC_NO_COMMON_BLOCKS = YES;
				GCC_OPTIMIZATION_LEVEL = 0;
				GCC_PREPROCESSOR_DEFINITIONS = (
					"DEBUG=1",
					"$(inherited)",
				);
				GCC_WARN_64_TO_32_BIT_CONVERSION = YES;
				GCC_WARN_ABOUT_RETURN_TYPE = YES_ERROR;
				GCC_WARN_UNDECLARED_SELECTOR = YES;
				GCC_WARN_UNINITIALIZED_AUTOS = YES_AGGRESSIVE;
				GCC_WARN_UNUSED_FUNCTION = YES;
				GCC_WARN_UNUSED_VARIABLE = YES;
				IPHONEOS_DEPLOYMENT_TARGET = 12.2;
				MTL_ENABLE_DEBUG_INFO = INCLUDE_SOURCE;
				MTL_FAST_MATH = YES;
				ONLY_ACTIVE_ARCH = YES;
				SDKROOT = iphoneos;
				SWIFT_ACTIVE_COMPILATION_CONDITIONS = DEBUG;
				SWIFT_OPTIMIZATION_LEVEL = "-Onone";
			};
			name = Debug;
		};
		3D0DDFA8228EBAE600EF5FAE /* Release */ = {
			isa = XCBuildConfiguration;
			buildSettings = {
				ALWAYS_SEARCH_USER_PATHS = NO;
				CLANG_ANALYZER_NONNULL = YES;
				CLANG_ANALYZER_NUMBER_OBJECT_CONVERSION = YES_AGGRESSIVE;
				CLANG_CXX_LANGUAGE_STANDARD = "gnu++14";
				CLANG_CXX_LIBRARY = "libc++";
				CLANG_ENABLE_MODULES = YES;
				CLANG_ENABLE_OBJC_ARC = YES;
				CLANG_ENABLE_OBJC_WEAK = YES;
				CLANG_WARN_BLOCK_CAPTURE_AUTORELEASING = YES;
				CLANG_WARN_BOOL_CONVERSION = YES;
				CLANG_WARN_COMMA = YES;
				CLANG_WARN_CONSTANT_CONVERSION = YES;
				CLANG_WARN_DEPRECATED_OBJC_IMPLEMENTATIONS = YES;
				CLANG_WARN_DIRECT_OBJC_ISA_USAGE = YES_ERROR;
				CLANG_WARN_DOCUMENTATION_COMMENTS = YES;
				CLANG_WARN_EMPTY_BODY = YES;
				CLANG_WARN_ENUM_CONVERSION = YES;
				CLANG_WARN_INFINITE_RECURSION = YES;
				CLANG_WARN_INT_CONVERSION = YES;
				CLANG_WARN_NON_LITERAL_NULL_CONVERSION = YES;
				CLANG_WARN_OBJC_IMPLICIT_RETAIN_SELF = YES;
				CLANG_WARN_OBJC_LITERAL_CONVERSION = YES;
				CLANG_WARN_OBJC_ROOT_CLASS = YES_ERROR;
				CLANG_WARN_RANGE_LOOP_ANALYSIS = YES;
				CLANG_WARN_STRICT_PROTOTYPES = YES;
				CLANG_WARN_SUSPICIOUS_MOVE = YES;
				CLANG_WARN_UNGUARDED_AVAILABILITY = YES_AGGRESSIVE;
				CLANG_WARN_UNREACHABLE_CODE = YES;
				CLANG_WARN__DUPLICATE_METHOD_MATCH = YES;
				CODE_SIGN_IDENTITY = "iPhone Developer";
				COPY_PHASE_STRIP = NO;
				DEBUG_INFORMATION_FORMAT = "dwarf-with-dsym";
				ENABLE_NS_ASSERTIONS = NO;
				ENABLE_STRICT_OBJC_MSGSEND = YES;
				GCC_C_LANGUAGE_STANDARD = gnu11;
				GCC_NO_COMMON_BLOCKS = YES;
				GCC_WARN_64_TO_32_BIT_CONVERSION = YES;
				GCC_WARN_ABOUT_RETURN_TYPE = YES_ERROR;
				GCC_WARN_UNDECLARED_SELECTOR = YES;
				GCC_WARN_UNINITIALIZED_AUTOS = YES_AGGRESSIVE;
				GCC_WARN_UNUSED_FUNCTION = YES;
				GCC_WARN_UNUSED_VARIABLE = YES;
				IPHONEOS_DEPLOYMENT_TARGET = 12.2;
				MTL_ENABLE_DEBUG_INFO = NO;
				MTL_FAST_MATH = YES;
				SDKROOT = iphoneos;
				SWIFT_COMPILATION_MODE = wholemodule;
				SWIFT_OPTIMIZATION_LEVEL = "-O";
				VALIDATE_PRODUCT = YES;
			};
			name = Release;
		};
		3D0DDFAA228EBAE600EF5FAE /* Debug */ = {
			isa = XCBuildConfiguration;
			buildSettings = {
				ASSETCATALOG_COMPILER_APPICON_NAME = AppIcon;
				CODE_SIGN_STYLE = Automatic;
				DEVELOPMENT_TEAM = 6LQ8E9FE96;
				INFOPLIST_FILE = SetGame/Info.plist;
				LD_RUNPATH_SEARCH_PATHS = (
					"$(inherited)",
					"@executable_path/Frameworks",
				);
				PRODUCT_BUNDLE_IDENTIFIER = cz.lukaslizal.MatchThePack;
				PRODUCT_NAME = "$(TARGET_NAME)";
				SWIFT_VERSION = 5.0;
				TARGETED_DEVICE_FAMILY = "1,2";
			};
			name = Debug;
		};
		3D0DDFAB228EBAE600EF5FAE /* Release */ = {
			isa = XCBuildConfiguration;
			buildSettings = {
				ASSETCATALOG_COMPILER_APPICON_NAME = AppIcon;
				CODE_SIGN_STYLE = Automatic;
				DEVELOPMENT_TEAM = 6LQ8E9FE96;
				INFOPLIST_FILE = SetGame/Info.plist;
				LD_RUNPATH_SEARCH_PATHS = (
					"$(inherited)",
					"@executable_path/Frameworks",
				);
				PRODUCT_BUNDLE_IDENTIFIER = cz.lukaslizal.MatchThePack;
				PRODUCT_NAME = "$(TARGET_NAME)";
				SWIFT_VERSION = 5.0;
				TARGETED_DEVICE_FAMILY = "1,2";
			};
			name = Release;
		};
/* End XCBuildConfiguration section */

/* Begin XCConfigurationList section */
		3D0DDF92228EBAE400EF5FAE /* Build configuration list for PBXProject "SetGame" */ = {
			isa = XCConfigurationList;
			buildConfigurations = (
				3D0DDFA7228EBAE600EF5FAE /* Debug */,
				3D0DDFA8228EBAE600EF5FAE /* Release */,
			);
			defaultConfigurationIsVisible = 0;
			defaultConfigurationName = Release;
		};
		3D0DDFA9228EBAE600EF5FAE /* Build configuration list for PBXNativeTarget "SetGame" */ = {
			isa = XCConfigurationList;
			buildConfigurations = (
				3D0DDFAA228EBAE600EF5FAE /* Debug */,
				3D0DDFAB228EBAE600EF5FAE /* Release */,
			);
			defaultConfigurationIsVisible = 0;
			defaultConfigurationName = Release;
		};
/* End XCConfigurationList section */
	};
	rootObject = 3D0DDF8F228EBAE400EF5FAE /* Project object */;
}
